// !$*UTF8*$!
{
	archiveVersion = 1;
	classes = {
	};
	objectVersion = 55;
	objects = {

/* Begin PBXBuildFile section */
		0A11C82B289BBB9B00AEF89D /* HowDoesRoundUpWorksViewController.swift in Sources */ = {isa = PBXBuildFile; fileRef = 0A11C826289BBB9B00AEF89D /* HowDoesRoundUpWorksViewController.swift */; };
		0A11C82C289BBB9B00AEF89D /* RoundUpTabBarViewController.swift in Sources */ = {isa = PBXBuildFile; fileRef = 0A11C827289BBB9B00AEF89D /* RoundUpTabBarViewController.swift */; };
		0A11C82D289BBB9B00AEF89D /* RoundUpView.swift in Sources */ = {isa = PBXBuildFile; fileRef = 0A11C828289BBB9B00AEF89D /* RoundUpView.swift */; };
		0A11C82E289BBB9B00AEF89D /* RoundUpViewController.swift in Sources */ = {isa = PBXBuildFile; fileRef = 0A11C829289BBB9B00AEF89D /* RoundUpViewController.swift */; };
		0A11C82F289BBB9B00AEF89D /* RoundUpWorksView.swift in Sources */ = {isa = PBXBuildFile; fileRef = 0A11C82A289BBB9B00AEF89D /* RoundUpWorksView.swift */; };
		0A11C831289BC19500AEF89D /* ColorExtension.swift in Sources */ = {isa = PBXBuildFile; fileRef = 0A11C830289BC19500AEF89D /* ColorExtension.swift */; };
		0A25F65128A22C0100D5D183 /* CustomProgressBar.swift in Sources */ = {isa = PBXBuildFile; fileRef = 0A25F65028A22C0100D5D183 /* CustomProgressBar.swift */; };
		0A25F65328A28B7600D5D183 /* EarnTicketCell.swift in Sources */ = {isa = PBXBuildFile; fileRef = 0A25F65228A28B7500D5D183 /* EarnTicketCell.swift */; };
		0A2E739B289BD924006E67F9 /* TicketsViewController.swift in Sources */ = {isa = PBXBuildFile; fileRef = 0A2E739A289BD924006E67F9 /* TicketsViewController.swift */; };
		0A2E739D289BD941006E67F9 /* BankViewController.swift in Sources */ = {isa = PBXBuildFile; fileRef = 0A2E739C289BD941006E67F9 /* BankViewController.swift */; };
		0A2E739F289BD96A006E67F9 /* SettingsViewController.swift in Sources */ = {isa = PBXBuildFile; fileRef = 0A2E739E289BD96A006E67F9 /* SettingsViewController.swift */; };
		0A2E73A6289C35D2006E67F9 /* SettingsTableViewCell.swift in Sources */ = {isa = PBXBuildFile; fileRef = 0A2E73A4289C35D2006E67F9 /* SettingsTableViewCell.swift */; };
		0A2E73A8289CD211006E67F9 /* ViewControllerExtension.swift in Sources */ = {isa = PBXBuildFile; fileRef = 0A2E73A7289CD211006E67F9 /* ViewControllerExtension.swift */; };
		0A2E73AF289D4260006E67F9 /* PrizeView.swift in Sources */ = {isa = PBXBuildFile; fileRef = 0A2E73AE289D4260006E67F9 /* PrizeView.swift */; };
		0A2E73B1289D427E006E67F9 /* PrizeViewController.swift in Sources */ = {isa = PBXBuildFile; fileRef = 0A2E73B0289D427E006E67F9 /* PrizeViewController.swift */; };
		0A718C3F28A0D94D0086B27C /* GalleryCollectionViewCell.swift in Sources */ = {isa = PBXBuildFile; fileRef = 0A718C3E28A0D94D0086B27C /* GalleryCollectionViewCell.swift */; };
		0A718C4128A0D9B00086B27C /* ImageExtension+Gif.swift in Sources */ = {isa = PBXBuildFile; fileRef = 0A718C4028A0D9B00086B27C /* ImageExtension+Gif.swift */; };
		892FF06EB4C3BBEB37C14076 /* Pods_debtdestroyer.framework in Frameworks */ = {isa = PBXBuildFile; fileRef = 1290530BCE28420414642EDF /* Pods_debtdestroyer.framework */; };
		92021FCD289B07A4007901A6 /* AppDelegate.swift in Sources */ = {isa = PBXBuildFile; fileRef = 92021FCC289B07A4007901A6 /* AppDelegate.swift */; };
		92021FCF289B07A4007901A6 /* SceneDelegate.swift in Sources */ = {isa = PBXBuildFile; fileRef = 92021FCE289B07A4007901A6 /* SceneDelegate.swift */; };
		92021FD6289B07A6007901A6 /* Assets.xcassets in Resources */ = {isa = PBXBuildFile; fileRef = 92021FD5289B07A6007901A6 /* Assets.xcassets */; };
		92021FD9289B07A6007901A6 /* LaunchScreen.storyboard in Resources */ = {isa = PBXBuildFile; fileRef = 92021FD7289B07A6007901A6 /* LaunchScreen.storyboard */; };
/* End PBXBuildFile section */

/* Begin PBXFileReference section */
		0A11C826289BBB9B00AEF89D /* HowDoesRoundUpWorksViewController.swift */ = {isa = PBXFileReference; fileEncoding = 4; lastKnownFileType = sourcecode.swift; path = HowDoesRoundUpWorksViewController.swift; sourceTree = "<group>"; };
		0A11C827289BBB9B00AEF89D /* RoundUpTabBarViewController.swift */ = {isa = PBXFileReference; fileEncoding = 4; lastKnownFileType = sourcecode.swift; path = RoundUpTabBarViewController.swift; sourceTree = "<group>"; };
		0A11C828289BBB9B00AEF89D /* RoundUpView.swift */ = {isa = PBXFileReference; fileEncoding = 4; lastKnownFileType = sourcecode.swift; path = RoundUpView.swift; sourceTree = "<group>"; };
		0A11C829289BBB9B00AEF89D /* RoundUpViewController.swift */ = {isa = PBXFileReference; fileEncoding = 4; lastKnownFileType = sourcecode.swift; path = RoundUpViewController.swift; sourceTree = "<group>"; };
		0A11C82A289BBB9B00AEF89D /* RoundUpWorksView.swift */ = {isa = PBXFileReference; fileEncoding = 4; lastKnownFileType = sourcecode.swift; path = RoundUpWorksView.swift; sourceTree = "<group>"; };
		0A11C830289BC19500AEF89D /* ColorExtension.swift */ = {isa = PBXFileReference; fileEncoding = 4; lastKnownFileType = sourcecode.swift; path = ColorExtension.swift; sourceTree = "<group>"; };
		0A25F65028A22C0100D5D183 /* CustomProgressBar.swift */ = {isa = PBXFileReference; lastKnownFileType = sourcecode.swift; path = CustomProgressBar.swift; sourceTree = "<group>"; };
		0A25F65228A28B7500D5D183 /* EarnTicketCell.swift */ = {isa = PBXFileReference; lastKnownFileType = sourcecode.swift; path = EarnTicketCell.swift; sourceTree = "<group>"; };
		0A2E739A289BD924006E67F9 /* TicketsViewController.swift */ = {isa = PBXFileReference; lastKnownFileType = sourcecode.swift; path = TicketsViewController.swift; sourceTree = "<group>"; };
		0A2E739C289BD941006E67F9 /* BankViewController.swift */ = {isa = PBXFileReference; lastKnownFileType = sourcecode.swift; path = BankViewController.swift; sourceTree = "<group>"; };
		0A2E739E289BD96A006E67F9 /* SettingsViewController.swift */ = {isa = PBXFileReference; lastKnownFileType = sourcecode.swift; path = SettingsViewController.swift; sourceTree = "<group>"; };
		0A2E73A4289C35D2006E67F9 /* SettingsTableViewCell.swift */ = {isa = PBXFileReference; fileEncoding = 4; lastKnownFileType = sourcecode.swift; path = SettingsTableViewCell.swift; sourceTree = "<group>"; };
		0A2E73A7289CD211006E67F9 /* ViewControllerExtension.swift */ = {isa = PBXFileReference; fileEncoding = 4; lastKnownFileType = sourcecode.swift; path = ViewControllerExtension.swift; sourceTree = "<group>"; };
		0A2E73AE289D4260006E67F9 /* PrizeView.swift */ = {isa = PBXFileReference; lastKnownFileType = sourcecode.swift; path = PrizeView.swift; sourceTree = "<group>"; };
		0A2E73B0289D427E006E67F9 /* PrizeViewController.swift */ = {isa = PBXFileReference; lastKnownFileType = sourcecode.swift; path = PrizeViewController.swift; sourceTree = "<group>"; };
		0A718C3E28A0D94D0086B27C /* GalleryCollectionViewCell.swift */ = {isa = PBXFileReference; fileEncoding = 4; lastKnownFileType = sourcecode.swift; path = GalleryCollectionViewCell.swift; sourceTree = "<group>"; };
		0A718C4028A0D9B00086B27C /* ImageExtension+Gif.swift */ = {isa = PBXFileReference; fileEncoding = 4; lastKnownFileType = sourcecode.swift; path = "ImageExtension+Gif.swift"; sourceTree = "<group>"; };
		1290530BCE28420414642EDF /* Pods_debtdestroyer.framework */ = {isa = PBXFileReference; explicitFileType = wrapper.framework; includeInIndex = 0; path = Pods_debtdestroyer.framework; sourceTree = BUILT_PRODUCTS_DIR; };
		92021FC9289B07A4007901A6 /* debtdestroyer.app */ = {isa = PBXFileReference; explicitFileType = wrapper.application; includeInIndex = 0; path = debtdestroyer.app; sourceTree = BUILT_PRODUCTS_DIR; };
		92021FCC289B07A4007901A6 /* AppDelegate.swift */ = {isa = PBXFileReference; lastKnownFileType = sourcecode.swift; path = AppDelegate.swift; sourceTree = "<group>"; };
		92021FCE289B07A4007901A6 /* SceneDelegate.swift */ = {isa = PBXFileReference; lastKnownFileType = sourcecode.swift; path = SceneDelegate.swift; sourceTree = "<group>"; };
		92021FD5289B07A6007901A6 /* Assets.xcassets */ = {isa = PBXFileReference; lastKnownFileType = folder.assetcatalog; path = Assets.xcassets; sourceTree = "<group>"; };
		92021FD8289B07A6007901A6 /* Base */ = {isa = PBXFileReference; lastKnownFileType = file.storyboard; name = Base; path = Base.lproj/LaunchScreen.storyboard; sourceTree = "<group>"; };
		92021FDA289B07A6007901A6 /* Info.plist */ = {isa = PBXFileReference; lastKnownFileType = text.plist.xml; path = Info.plist; sourceTree = "<group>"; };
		970542EB451DB5DBCD0B0D4F /* Pods-debtdestroyer.release.xcconfig */ = {isa = PBXFileReference; includeInIndex = 1; lastKnownFileType = text.xcconfig; name = "Pods-debtdestroyer.release.xcconfig"; path = "Target Support Files/Pods-debtdestroyer/Pods-debtdestroyer.release.xcconfig"; sourceTree = "<group>"; };
		9813F9FE88D02C5B6B12B010 /* Pods-debtdestroyer.debug.xcconfig */ = {isa = PBXFileReference; includeInIndex = 1; lastKnownFileType = text.xcconfig; name = "Pods-debtdestroyer.debug.xcconfig"; path = "Target Support Files/Pods-debtdestroyer/Pods-debtdestroyer.debug.xcconfig"; sourceTree = "<group>"; };
/* End PBXFileReference section */

/* Begin PBXFrameworksBuildPhase section */
		92021FC6289B07A4007901A6 /* Frameworks */ = {
			isa = PBXFrameworksBuildPhase;
			buildActionMask = 2147483647;
			files = (
				892FF06EB4C3BBEB37C14076 /* Pods_debtdestroyer.framework in Frameworks */,
			);
			runOnlyForDeploymentPostprocessing = 0;
		};
/* End PBXFrameworksBuildPhase section */

/* Begin PBXGroup section */
		00BB18DBCAA76C38BFDFB46B /* Frameworks */ = {
			isa = PBXGroup;
			children = (
				1290530BCE28420414642EDF /* Pods_debtdestroyer.framework */,
			);
			name = Frameworks;
			sourceTree = "<group>";
		};
		0A11C832289BC1B800AEF89D /* Helper */ = {
			isa = PBXGroup;
			children = (
				0A2E73A7289CD211006E67F9 /* ViewControllerExtension.swift */,
				0A718C4028A0D9B00086B27C /* ImageExtension+Gif.swift */,
				0A11C830289BC19500AEF89D /* ColorExtension.swift */,
			);
			path = Helper;
			sourceTree = "<group>";
		};
		0A11C833289BC22B00AEF89D /* HomeTabs */ = {
			isa = PBXGroup;
			children = (
				0A11C827289BBB9B00AEF89D /* RoundUpTabBarViewController.swift */,
			);
			path = HomeTabs;
			sourceTree = "<group>";
		};
		0A11C834289BC25E00AEF89D /* RoundUp */ = {
			isa = PBXGroup;
			children = (
				0A11C829289BBB9B00AEF89D /* RoundUpViewController.swift */,
				0A11C828289BBB9B00AEF89D /* RoundUpView.swift */,
				0A11C826289BBB9B00AEF89D /* HowDoesRoundUpWorksViewController.swift */,
				0A11C82A289BBB9B00AEF89D /* RoundUpWorksView.swift */,
			);
			path = RoundUp;
			sourceTree = "<group>";
		};
		0A2E73A0289C2CAE006E67F9 /* Tickets */ = {
			isa = PBXGroup;
			children = (
				0A2E739A289BD924006E67F9 /* TicketsViewController.swift */,
			);
			path = Tickets;
			sourceTree = "<group>";
		};
		0A2E73A1289C2CB9006E67F9 /* Bank */ = {
			isa = PBXGroup;
			children = (
				0A2E739C289BD941006E67F9 /* BankViewController.swift */,
			);
			path = Bank;
			sourceTree = "<group>";
		};
		0A2E73A2289C2CC3006E67F9 /* Settings */ = {
			isa = PBXGroup;
			children = (
				0A2E73A4289C35D2006E67F9 /* SettingsTableViewCell.swift */,
				0A2E739E289BD96A006E67F9 /* SettingsViewController.swift */,
			);
			path = Settings;
			sourceTree = "<group>";
		};
		0A2E73AD289D4106006E67F9 /* Prize */ = {
			isa = PBXGroup;
			children = (
				0A718C3E28A0D94D0086B27C /* GalleryCollectionViewCell.swift */,
				0A2E73AE289D4260006E67F9 /* PrizeView.swift */,
				0A25F65228A28B7500D5D183 /* EarnTicketCell.swift */,
				0A25F65028A22C0100D5D183 /* CustomProgressBar.swift */,
				0A2E73B0289D427E006E67F9 /* PrizeViewController.swift */,
			);
			path = Prize;
			sourceTree = "<group>";
		};
		18F686FBEE11973D8590571D /* Pods */ = {
			isa = PBXGroup;
			children = (
				9813F9FE88D02C5B6B12B010 /* Pods-debtdestroyer.debug.xcconfig */,
				970542EB451DB5DBCD0B0D4F /* Pods-debtdestroyer.release.xcconfig */,
			);
			path = Pods;
			sourceTree = "<group>";
		};
		92021FC0289B07A4007901A6 = {
			isa = PBXGroup;
			children = (
				92021FCB289B07A4007901A6 /* debtdestroyer */,
				92021FCA289B07A4007901A6 /* Products */,
				18F686FBEE11973D8590571D /* Pods */,
				00BB18DBCAA76C38BFDFB46B /* Frameworks */,
			);
			sourceTree = "<group>";
		};
		92021FCA289B07A4007901A6 /* Products */ = {
			isa = PBXGroup;
			children = (
				92021FC9289B07A4007901A6 /* debtdestroyer.app */,
			);
			name = Products;
			sourceTree = "<group>";
		};
		92021FCB289B07A4007901A6 /* debtdestroyer */ = {
			isa = PBXGroup;
			children = (
				92021FCC289B07A4007901A6 /* AppDelegate.swift */,
				92021FCE289B07A4007901A6 /* SceneDelegate.swift */,
				0A11C833289BC22B00AEF89D /* HomeTabs */,
				0A2E73A0289C2CAE006E67F9 /* Tickets */,
				0A2E73A1289C2CB9006E67F9 /* Bank */,
				0A2E73A2289C2CC3006E67F9 /* Settings */,
				0A2E73AD289D4106006E67F9 /* Prize */,
				0A11C834289BC25E00AEF89D /* RoundUp */,
				0A11C832289BC1B800AEF89D /* Helper */,
				92021FD5289B07A6007901A6 /* Assets.xcassets */,
				92021FD7289B07A6007901A6 /* LaunchScreen.storyboard */,
				92021FDA289B07A6007901A6 /* Info.plist */,
			);
			path = debtdestroyer;
			sourceTree = "<group>";
		};
/* End PBXGroup section */

/* Begin PBXNativeTarget section */
		92021FC8289B07A4007901A6 /* debtdestroyer */ = {
			isa = PBXNativeTarget;
			buildConfigurationList = 92021FDD289B07A6007901A6 /* Build configuration list for PBXNativeTarget "debtdestroyer" */;
			buildPhases = (
				158D76CA9E96FC2A0DC2C852 /* [CP] Check Pods Manifest.lock */,
				92021FC5289B07A4007901A6 /* Sources */,
				92021FC6289B07A4007901A6 /* Frameworks */,
				92021FC7289B07A4007901A6 /* Resources */,
				AE94C48CAF45DD82FB0194F0 /* [CP] Embed Pods Frameworks */,
			);
			buildRules = (
			);
			dependencies = (
			);
			name = debtdestroyer;
			productName = debtdestroyer;
			productReference = 92021FC9289B07A4007901A6 /* debtdestroyer.app */;
			productType = "com.apple.product-type.application";
		};
/* End PBXNativeTarget section */

/* Begin PBXProject section */
		92021FC1289B07A4007901A6 /* Project object */ = {
			isa = PBXProject;
			attributes = {
				BuildIndependentTargetsInParallel = 1;
				LastSwiftUpdateCheck = 1340;
				LastUpgradeCheck = 1340;
				TargetAttributes = {
					92021FC8289B07A4007901A6 = {
						CreatedOnToolsVersion = 13.4.1;
					};
				};
			};
			buildConfigurationList = 92021FC4289B07A4007901A6 /* Build configuration list for PBXProject "debtdestroyer" */;
			compatibilityVersion = "Xcode 13.0";
			developmentRegion = en;
			hasScannedForEncodings = 0;
			knownRegions = (
				en,
				Base,
			);
			mainGroup = 92021FC0289B07A4007901A6;
			productRefGroup = 92021FCA289B07A4007901A6 /* Products */;
			projectDirPath = "";
			projectRoot = "";
			targets = (
				92021FC8289B07A4007901A6 /* debtdestroyer */,
			);
		};
/* End PBXProject section */

/* Begin PBXResourcesBuildPhase section */
		92021FC7289B07A4007901A6 /* Resources */ = {
			isa = PBXResourcesBuildPhase;
			buildActionMask = 2147483647;
			files = (
				92021FD9289B07A6007901A6 /* LaunchScreen.storyboard in Resources */,
				92021FD6289B07A6007901A6 /* Assets.xcassets in Resources */,
			);
			runOnlyForDeploymentPostprocessing = 0;
		};
/* End PBXResourcesBuildPhase section */

/* Begin PBXShellScriptBuildPhase section */
		158D76CA9E96FC2A0DC2C852 /* [CP] Check Pods Manifest.lock */ = {
			isa = PBXShellScriptBuildPhase;
			buildActionMask = 2147483647;
			files = (
			);
			inputFileListPaths = (
			);
			inputPaths = (
				"${PODS_PODFILE_DIR_PATH}/Podfile.lock",
				"${PODS_ROOT}/Manifest.lock",
			);
			name = "[CP] Check Pods Manifest.lock";
			outputFileListPaths = (
			);
			outputPaths = (
				"$(DERIVED_FILE_DIR)/Pods-debtdestroyer-checkManifestLockResult.txt",
			);
			runOnlyForDeploymentPostprocessing = 0;
			shellPath = /bin/sh;
			shellScript = "diff \"${PODS_PODFILE_DIR_PATH}/Podfile.lock\" \"${PODS_ROOT}/Manifest.lock\" > /dev/null\nif [ $? != 0 ] ; then\n    # print error to STDERR\n    echo \"error: The sandbox is not in sync with the Podfile.lock. Run 'pod install' or update your CocoaPods installation.\" >&2\n    exit 1\nfi\n# This output is used by Xcode 'outputs' to avoid re-running this script phase.\necho \"SUCCESS\" > \"${SCRIPT_OUTPUT_FILE_0}\"\n";
			showEnvVarsInLog = 0;
		};
		AE94C48CAF45DD82FB0194F0 /* [CP] Embed Pods Frameworks */ = {
			isa = PBXShellScriptBuildPhase;
			buildActionMask = 2147483647;
			files = (
			);
			inputFileListPaths = (
				"${PODS_ROOT}/Target Support Files/Pods-debtdestroyer/Pods-debtdestroyer-frameworks-${CONFIGURATION}-input-files.xcfilelist",
			);
			name = "[CP] Embed Pods Frameworks";
			outputFileListPaths = (
				"${PODS_ROOT}/Target Support Files/Pods-debtdestroyer/Pods-debtdestroyer-frameworks-${CONFIGURATION}-output-files.xcfilelist",
			);
			runOnlyForDeploymentPostprocessing = 0;
			shellPath = /bin/sh;
			shellScript = "\"${PODS_ROOT}/Target Support Files/Pods-debtdestroyer/Pods-debtdestroyer-frameworks.sh\"\n";
			showEnvVarsInLog = 0;
		};
/* End PBXShellScriptBuildPhase section */

/* Begin PBXSourcesBuildPhase section */
		92021FC5289B07A4007901A6 /* Sources */ = {
			isa = PBXSourcesBuildPhase;
			buildActionMask = 2147483647;
			files = (
				0A2E73A8289CD211006E67F9 /* ViewControllerExtension.swift in Sources */,
				0A25F65128A22C0100D5D183 /* CustomProgressBar.swift in Sources */,
				0A718C3F28A0D94D0086B27C /* GalleryCollectionViewCell.swift in Sources */,
				0A25F65328A28B7600D5D183 /* EarnTicketCell.swift in Sources */,
				0A11C82E289BBB9B00AEF89D /* RoundUpViewController.swift in Sources */,
				0A2E739B289BD924006E67F9 /* TicketsViewController.swift in Sources */,
				0A2E739F289BD96A006E67F9 /* SettingsViewController.swift in Sources */,
				0A718C4128A0D9B00086B27C /* ImageExtension+Gif.swift in Sources */,
				0A11C82C289BBB9B00AEF89D /* RoundUpTabBarViewController.swift in Sources */,
				0A2E73A6289C35D2006E67F9 /* SettingsTableViewCell.swift in Sources */,
				0A2E73B1289D427E006E67F9 /* PrizeViewController.swift in Sources */,
				92021FCD289B07A4007901A6 /* AppDelegate.swift in Sources */,
				0A11C831289BC19500AEF89D /* ColorExtension.swift in Sources */,
				0A11C82B289BBB9B00AEF89D /* HowDoesRoundUpWorksViewController.swift in Sources */,
				92021FCF289B07A4007901A6 /* SceneDelegate.swift in Sources */,
				0A11C82D289BBB9B00AEF89D /* RoundUpView.swift in Sources */,
				0A2E73AF289D4260006E67F9 /* PrizeView.swift in Sources */,
				0A2E739D289BD941006E67F9 /* BankViewController.swift in Sources */,
				0A11C82F289BBB9B00AEF89D /* RoundUpWorksView.swift in Sources */,
			);
			runOnlyForDeploymentPostprocessing = 0;
		};
/* End PBXSourcesBuildPhase section */

/* Begin PBXVariantGroup section */
		92021FD7289B07A6007901A6 /* LaunchScreen.storyboard */ = {
			isa = PBXVariantGroup;
			children = (
				92021FD8289B07A6007901A6 /* Base */,
			);
			name = LaunchScreen.storyboard;
			sourceTree = "<group>";
		};
/* End PBXVariantGroup section */

/* Begin XCBuildConfiguration section */
		92021FDB289B07A6007901A6 /* Debug */ = {
			isa = XCBuildConfiguration;
			buildSettings = {
				ALWAYS_SEARCH_USER_PATHS = NO;
				CLANG_ANALYZER_NONNULL = YES;
				CLANG_ANALYZER_NUMBER_OBJECT_CONVERSION = YES_AGGRESSIVE;
				CLANG_CXX_LANGUAGE_STANDARD = "gnu++17";
				CLANG_ENABLE_MODULES = YES;
				CLANG_ENABLE_OBJC_ARC = YES;
				CLANG_ENABLE_OBJC_WEAK = YES;
				CLANG_WARN_BLOCK_CAPTURE_AUTORELEASING = YES;
				CLANG_WARN_BOOL_CONVERSION = YES;
				CLANG_WARN_COMMA = YES;
				CLANG_WARN_CONSTANT_CONVERSION = YES;
				CLANG_WARN_DEPRECATED_OBJC_IMPLEMENTATIONS = YES;
				CLANG_WARN_DIRECT_OBJC_ISA_USAGE = YES_ERROR;
				CLANG_WARN_DOCUMENTATION_COMMENTS = YES;
				CLANG_WARN_EMPTY_BODY = YES;
				CLANG_WARN_ENUM_CONVERSION = YES;
				CLANG_WARN_INFINITE_RECURSION = YES;
				CLANG_WARN_INT_CONVERSION = YES;
				CLANG_WARN_NON_LITERAL_NULL_CONVERSION = YES;
				CLANG_WARN_OBJC_IMPLICIT_RETAIN_SELF = YES;
				CLANG_WARN_OBJC_LITERAL_CONVERSION = YES;
				CLANG_WARN_OBJC_ROOT_CLASS = YES_ERROR;
				CLANG_WARN_QUOTED_INCLUDE_IN_FRAMEWORK_HEADER = YES;
				CLANG_WARN_RANGE_LOOP_ANALYSIS = YES;
				CLANG_WARN_STRICT_PROTOTYPES = YES;
				CLANG_WARN_SUSPICIOUS_MOVE = YES;
				CLANG_WARN_UNGUARDED_AVAILABILITY = YES_AGGRESSIVE;
				CLANG_WARN_UNREACHABLE_CODE = YES;
				CLANG_WARN__DUPLICATE_METHOD_MATCH = YES;
				COPY_PHASE_STRIP = NO;
				DEBUG_INFORMATION_FORMAT = dwarf;
				ENABLE_STRICT_OBJC_MSGSEND = YES;
				ENABLE_TESTABILITY = YES;
				GCC_C_LANGUAGE_STANDARD = gnu11;
				GCC_DYNAMIC_NO_PIC = NO;
				GCC_NO_COMMON_BLOCKS = YES;
				GCC_OPTIMIZATION_LEVEL = 0;
				GCC_PREPROCESSOR_DEFINITIONS = (
					"DEBUG=1",
					"$(inherited)",
				);
				GCC_WARN_64_TO_32_BIT_CONVERSION = YES;
				GCC_WARN_ABOUT_RETURN_TYPE = YES_ERROR;
				GCC_WARN_UNDECLARED_SELECTOR = YES;
				GCC_WARN_UNINITIALIZED_AUTOS = YES_AGGRESSIVE;
				GCC_WARN_UNUSED_FUNCTION = YES;
				GCC_WARN_UNUSED_VARIABLE = YES;
				IPHONEOS_DEPLOYMENT_TARGET = 15.5;
				MTL_ENABLE_DEBUG_INFO = INCLUDE_SOURCE;
				MTL_FAST_MATH = YES;
				ONLY_ACTIVE_ARCH = YES;
				SDKROOT = iphoneos;
				SWIFT_ACTIVE_COMPILATION_CONDITIONS = DEBUG;
				SWIFT_OPTIMIZATION_LEVEL = "-Onone";
			};
			name = Debug;
		};
		92021FDC289B07A6007901A6 /* Release */ = {
			isa = XCBuildConfiguration;
			buildSettings = {
				ALWAYS_SEARCH_USER_PATHS = NO;
				CLANG_ANALYZER_NONNULL = YES;
				CLANG_ANALYZER_NUMBER_OBJECT_CONVERSION = YES_AGGRESSIVE;
				CLANG_CXX_LANGUAGE_STANDARD = "gnu++17";
				CLANG_ENABLE_MODULES = YES;
				CLANG_ENABLE_OBJC_ARC = YES;
				CLANG_ENABLE_OBJC_WEAK = YES;
				CLANG_WARN_BLOCK_CAPTURE_AUTORELEASING = YES;
				CLANG_WARN_BOOL_CONVERSION = YES;
				CLANG_WARN_COMMA = YES;
				CLANG_WARN_CONSTANT_CONVERSION = YES;
				CLANG_WARN_DEPRECATED_OBJC_IMPLEMENTATIONS = YES;
				CLANG_WARN_DIRECT_OBJC_ISA_USAGE = YES_ERROR;
				CLANG_WARN_DOCUMENTATION_COMMENTS = YES;
				CLANG_WARN_EMPTY_BODY = YES;
				CLANG_WARN_ENUM_CONVERSION = YES;
				CLANG_WARN_INFINITE_RECURSION = YES;
				CLANG_WARN_INT_CONVERSION = YES;
				CLANG_WARN_NON_LITERAL_NULL_CONVERSION = YES;
				CLANG_WARN_OBJC_IMPLICIT_RETAIN_SELF = YES;
				CLANG_WARN_OBJC_LITERAL_CONVERSION = YES;
				CLANG_WARN_OBJC_ROOT_CLASS = YES_ERROR;
				CLANG_WARN_QUOTED_INCLUDE_IN_FRAMEWORK_HEADER = YES;
				CLANG_WARN_RANGE_LOOP_ANALYSIS = YES;
				CLANG_WARN_STRICT_PROTOTYPES = YES;
				CLANG_WARN_SUSPICIOUS_MOVE = YES;
				CLANG_WARN_UNGUARDED_AVAILABILITY = YES_AGGRESSIVE;
				CLANG_WARN_UNREACHABLE_CODE = YES;
				CLANG_WARN__DUPLICATE_METHOD_MATCH = YES;
				COPY_PHASE_STRIP = NO;
				DEBUG_INFORMATION_FORMAT = "dwarf-with-dsym";
				ENABLE_NS_ASSERTIONS = NO;
				ENABLE_STRICT_OBJC_MSGSEND = YES;
				GCC_C_LANGUAGE_STANDARD = gnu11;
				GCC_NO_COMMON_BLOCKS = YES;
				GCC_WARN_64_TO_32_BIT_CONVERSION = YES;
				GCC_WARN_ABOUT_RETURN_TYPE = YES_ERROR;
				GCC_WARN_UNDECLARED_SELECTOR = YES;
				GCC_WARN_UNINITIALIZED_AUTOS = YES_AGGRESSIVE;
				GCC_WARN_UNUSED_FUNCTION = YES;
				GCC_WARN_UNUSED_VARIABLE = YES;
				IPHONEOS_DEPLOYMENT_TARGET = 15.5;
				MTL_ENABLE_DEBUG_INFO = NO;
				MTL_FAST_MATH = YES;
				SDKROOT = iphoneos;
				SWIFT_COMPILATION_MODE = wholemodule;
				SWIFT_OPTIMIZATION_LEVEL = "-O";
				VALIDATE_PRODUCT = YES;
			};
			name = Release;
		};
		92021FDE289B07A6007901A6 /* Debug */ = {
			isa = XCBuildConfiguration;
			baseConfigurationReference = 9813F9FE88D02C5B6B12B010 /* Pods-debtdestroyer.debug.xcconfig */;
			buildSettings = {
				ASSETCATALOG_COMPILER_APPICON_NAME = AppIcon;
				ASSETCATALOG_COMPILER_GLOBAL_ACCENT_COLOR_NAME = AccentColor;
				CODE_SIGN_STYLE = Automatic;
				CURRENT_PROJECT_VERSION = 1;
				DEVELOPMENT_TEAM = WGU25444T9;
				GENERATE_INFOPLIST_FILE = YES;
				INFOPLIST_FILE = debtdestroyer/Info.plist;
				INFOPLIST_KEY_UIApplicationSupportsIndirectInputEvents = YES;
				INFOPLIST_KEY_UILaunchStoryboardName = LaunchScreen;
				INFOPLIST_KEY_UISupportedInterfaceOrientations = UIInterfaceOrientationPortrait;
				INFOPLIST_KEY_UISupportedInterfaceOrientations_iPad = "UIInterfaceOrientationPortrait UIInterfaceOrientationPortraitUpsideDown UIInterfaceOrientationLandscapeLeft UIInterfaceOrientationLandscapeRight";
				INFOPLIST_KEY_UISupportedInterfaceOrientations_iPhone = "UIInterfaceOrientationPortrait UIInterfaceOrientationLandscapeLeft UIInterfaceOrientationLandscapeRight";
				IPHONEOS_DEPLOYMENT_TARGET = 14.4;
				LD_RUNPATH_SEARCH_PATHS = (
					"$(inherited)",
					"@executable_path/Frameworks",
				);
				MARKETING_VERSION = 1.0;
				PRODUCT_BUNDLE_IDENTIFIER = danielchangsoojones.debtdestroyer;
				PRODUCT_NAME = "$(TARGET_NAME)";
				SWIFT_EMIT_LOC_STRINGS = YES;
				SWIFT_VERSION = 5.0;
				TARGETED_DEVICE_FAMILY = 1;
			};
			name = Debug;
		};
		92021FDF289B07A6007901A6 /* Release */ = {
			isa = XCBuildConfiguration;
			baseConfigurationReference = 970542EB451DB5DBCD0B0D4F /* Pods-debtdestroyer.release.xcconfig */;
			buildSettings = {
				ASSETCATALOG_COMPILER_APPICON_NAME = AppIcon;
				ASSETCATALOG_COMPILER_GLOBAL_ACCENT_COLOR_NAME = AccentColor;
				CODE_SIGN_STYLE = Automatic;
				CURRENT_PROJECT_VERSION = 1;
				DEVELOPMENT_TEAM = WGU25444T9;
				GENERATE_INFOPLIST_FILE = YES;
				INFOPLIST_FILE = debtdestroyer/Info.plist;
				INFOPLIST_KEY_UIApplicationSupportsIndirectInputEvents = YES;
				INFOPLIST_KEY_UILaunchStoryboardName = LaunchScreen;
				INFOPLIST_KEY_UISupportedInterfaceOrientations = UIInterfaceOrientationPortrait;
				INFOPLIST_KEY_UISupportedInterfaceOrientations_iPad = "UIInterfaceOrientationPortrait UIInterfaceOrientationPortraitUpsideDown UIInterfaceOrientationLandscapeLeft UIInterfaceOrientationLandscapeRight";
				INFOPLIST_KEY_UISupportedInterfaceOrientations_iPhone = "UIInterfaceOrientationPortrait UIInterfaceOrientationLandscapeLeft UIInterfaceOrientationLandscapeRight";
				IPHONEOS_DEPLOYMENT_TARGET = 14.4;
				LD_RUNPATH_SEARCH_PATHS = (
					"$(inherited)",
					"@executable_path/Frameworks",
				);
				MARKETING_VERSION = 1.0;
				PRODUCT_BUNDLE_IDENTIFIER = danielchangsoojones.debtdestroyer;
				PRODUCT_NAME = "$(TARGET_NAME)";
				SWIFT_EMIT_LOC_STRINGS = YES;
				SWIFT_VERSION = 5.0;
				TARGETED_DEVICE_FAMILY = 1;
			};
			name = Release;
		};
/* End XCBuildConfiguration section */

/* Begin XCConfigurationList section */
		92021FC4289B07A4007901A6 /* Build configuration list for PBXProject "debtdestroyer" */ = {
			isa = XCConfigurationList;
			buildConfigurations = (
				92021FDB289B07A6007901A6 /* Debug */,
				92021FDC289B07A6007901A6 /* Release */,
			);
			defaultConfigurationIsVisible = 0;
			defaultConfigurationName = Release;
		};
		92021FDD289B07A6007901A6 /* Build configuration list for PBXNativeTarget "debtdestroyer" */ = {
			isa = XCConfigurationList;
			buildConfigurations = (
				92021FDE289B07A6007901A6 /* Debug */,
				92021FDF289B07A6007901A6 /* Release */,
			);
			defaultConfigurationIsVisible = 0;
			defaultConfigurationName = Release;
		};
/* End XCConfigurationList section */
	};
	rootObject = 92021FC1289B07A4007901A6 /* Project object */;
}
