// !$*UTF8*$!
{
	archiveVersion = 1;
	classes = {
	};
	objectVersion = 55;
	objects = {

/* Begin PBXBuildFile section */
		0A11C82B289BBB9B00AEF89D /* HowDoesRoundUpWorksViewController.swift in Sources */ = {isa = PBXBuildFile; fileRef = 0A11C826289BBB9B00AEF89D /* HowDoesRoundUpWorksViewController.swift */; };
		0A11C82C289BBB9B00AEF89D /* HomeTabBarViewController.swift in Sources */ = {isa = PBXBuildFile; fileRef = 0A11C827289BBB9B00AEF89D /* HomeTabBarViewController.swift */; };
		0A11C82D289BBB9B00AEF89D /* RoundUpView.swift in Sources */ = {isa = PBXBuildFile; fileRef = 0A11C828289BBB9B00AEF89D /* RoundUpView.swift */; };
		0A11C82E289BBB9B00AEF89D /* RoundUpViewController.swift in Sources */ = {isa = PBXBuildFile; fileRef = 0A11C829289BBB9B00AEF89D /* RoundUpViewController.swift */; };
		0A11C82F289BBB9B00AEF89D /* RoundUpWorksView.swift in Sources */ = {isa = PBXBuildFile; fileRef = 0A11C82A289BBB9B00AEF89D /* RoundUpWorksView.swift */; };
		0A11C831289BC19500AEF89D /* ColorExtension.swift in Sources */ = {isa = PBXBuildFile; fileRef = 0A11C830289BC19500AEF89D /* ColorExtension.swift */; };
		0A1A638028A6592200EFCC4D /* ViewExtension.swift in Sources */ = {isa = PBXBuildFile; fileRef = 0A1A637F28A6592200EFCC4D /* ViewExtension.swift */; };
		0A25F65328A28B7600D5D183 /* EarnTicketCell.swift in Sources */ = {isa = PBXBuildFile; fileRef = 0A25F65228A28B7500D5D183 /* EarnTicketCell.swift */; };
		0A25F67028A369B000D5D183 /* SpinningWithGradButton.swift in Sources */ = {isa = PBXBuildFile; fileRef = 0A25F66E28A369B000D5D183 /* SpinningWithGradButton.swift */; };
		0A2E739B289BD924006E67F9 /* TicketsViewController.swift in Sources */ = {isa = PBXBuildFile; fileRef = 0A2E739A289BD924006E67F9 /* TicketsViewController.swift */; };
		0A2E739D289BD941006E67F9 /* BankViewController.swift in Sources */ = {isa = PBXBuildFile; fileRef = 0A2E739C289BD941006E67F9 /* BankViewController.swift */; };
		0A2E739F289BD96A006E67F9 /* SettingsViewController.swift in Sources */ = {isa = PBXBuildFile; fileRef = 0A2E739E289BD96A006E67F9 /* SettingsViewController.swift */; };
		0A2E73A6289C35D2006E67F9 /* SettingsTableViewCell.swift in Sources */ = {isa = PBXBuildFile; fileRef = 0A2E73A4289C35D2006E67F9 /* SettingsTableViewCell.swift */; };
		0A2E73A8289CD211006E67F9 /* ViewControllerExtension.swift in Sources */ = {isa = PBXBuildFile; fileRef = 0A2E73A7289CD211006E67F9 /* ViewControllerExtension.swift */; };
		0A2E73AF289D4260006E67F9 /* PrizeView.swift in Sources */ = {isa = PBXBuildFile; fileRef = 0A2E73AE289D4260006E67F9 /* PrizeView.swift */; };
		0A2E73B1289D427E006E67F9 /* PrizeViewController.swift in Sources */ = {isa = PBXBuildFile; fileRef = 0A2E73B0289D427E006E67F9 /* PrizeViewController.swift */; };
		0A432FA628B3816600C551FA /* TicketTopView.swift in Sources */ = {isa = PBXBuildFile; fileRef = 0A432FA528B3816600C551FA /* TicketTopView.swift */; };
		0A432FA828B3AB5A00C551FA /* ProgressViewUITry.swift in Sources */ = {isa = PBXBuildFile; fileRef = 0A432FA728B3AB5A00C551FA /* ProgressViewUITry.swift */; };
		0A4536D928B8CE3700F4A8CA /* PowerUpsCell.swift in Sources */ = {isa = PBXBuildFile; fileRef = 0A4536D828B8CE3700F4A8CA /* PowerUpsCell.swift */; };
		0A4536DB28B8DA2000F4A8CA /* WeekPrizeCell.swift in Sources */ = {isa = PBXBuildFile; fileRef = 0A4536DA28B8DA2000F4A8CA /* WeekPrizeCell.swift */; };
		0A4536DD28B8DC6E00F4A8CA /* HowToEarnTicketsCell.swift in Sources */ = {isa = PBXBuildFile; fileRef = 0A4536DC28B8DC6E00F4A8CA /* HowToEarnTicketsCell.swift */; };
		0A4536DF28B8DFF200F4A8CA /* PastWeeksPrizeCell.swift in Sources */ = {isa = PBXBuildFile; fileRef = 0A4536DE28B8DFF200F4A8CA /* PastWeeksPrizeCell.swift */; };
		0A4594AC28B7435B00F6B232 /* SuperParseObject.swift in Sources */ = {isa = PBXBuildFile; fileRef = 0A4594AB28B7435B00F6B232 /* SuperParseObject.swift */; };
		0A5B58FA28A579B6001EFBB2 /* ForceUpdate.swift in Sources */ = {isa = PBXBuildFile; fileRef = 0A5B58F928A579B6001EFBB2 /* ForceUpdate.swift */; };
		0A718C3F28A0D94D0086B27C /* GalleryCollectionViewCell.swift in Sources */ = {isa = PBXBuildFile; fileRef = 0A718C3E28A0D94D0086B27C /* GalleryCollectionViewCell.swift */; };
		0A718C4128A0D9B00086B27C /* ImageExtension+Gif.swift in Sources */ = {isa = PBXBuildFile; fileRef = 0A718C4028A0D9B00086B27C /* ImageExtension+Gif.swift */; };
		0A7A49EB28A386C6009EDE5E /* WelcomeViewController.swift in Sources */ = {isa = PBXBuildFile; fileRef = 0A7A49E028A386C6009EDE5E /* WelcomeViewController.swift */; };
		0A7A49EC28A386C6009EDE5E /* WelcomeView.swift in Sources */ = {isa = PBXBuildFile; fileRef = 0A7A49E128A386C6009EDE5E /* WelcomeView.swift */; };
		0A7A49F328A38746009EDE5E /* MessageHelper.swift in Sources */ = {isa = PBXBuildFile; fileRef = 0A7A49F228A38746009EDE5E /* MessageHelper.swift */; };
		0A7A49F528A38886009EDE5E /* TimerExtension.swift in Sources */ = {isa = PBXBuildFile; fileRef = 0A7A49F428A38886009EDE5E /* TimerExtension.swift */; };
		0A7A49F728A388AD009EDE5E /* Structs.swift in Sources */ = {isa = PBXBuildFile; fileRef = 0A7A49F628A388AD009EDE5E /* Structs.swift */; };
		0A7A49FC28A3D262009EDE5E /* OnboardingDataStore.swift in Sources */ = {isa = PBXBuildFile; fileRef = 0A7A49FB28A3D262009EDE5E /* OnboardingDataStore.swift */; };
		0A7A49FE28A3D294009EDE5E /* StringExtension.swift in Sources */ = {isa = PBXBuildFile; fileRef = 0A7A49FD28A3D294009EDE5E /* StringExtension.swift */; };
		0A7A4A0228A3D384009EDE5E /* RegisterView.swift in Sources */ = {isa = PBXBuildFile; fileRef = 0A7A4A0028A3D384009EDE5E /* RegisterView.swift */; };
		0A7A4A0328A3D384009EDE5E /* RegisterViewController.swift in Sources */ = {isa = PBXBuildFile; fileRef = 0A7A4A0128A3D384009EDE5E /* RegisterViewController.swift */; };
		0A7A4A0728A3D5D5009EDE5E /* GardientButton.swift in Sources */ = {isa = PBXBuildFile; fileRef = 0A7A4A0428A3D5D5009EDE5E /* GardientButton.swift */; };
		0A7A4A0928A3D5D5009EDE5E /* SpinningButton.swift in Sources */ = {isa = PBXBuildFile; fileRef = 0A7A4A0628A3D5D5009EDE5E /* SpinningButton.swift */; };
		0A7A4A0B28A3E2A2009EDE5E /* Textfield.swift in Sources */ = {isa = PBXBuildFile; fileRef = 0A7A4A0A28A3E2A2009EDE5E /* Textfield.swift */; };
		0A7A4A0E28A3E848009EDE5E /* LogInViewController.swift in Sources */ = {isa = PBXBuildFile; fileRef = 0A7A4A0D28A3E848009EDE5E /* LogInViewController.swift */; };
		0A7A4A1128A42109009EDE5E /* CreateProfileViewController.swift in Sources */ = {isa = PBXBuildFile; fileRef = 0A7A4A1028A42109009EDE5E /* CreateProfileViewController.swift */; };
		0A9E949F28B603A400985179 /* TapGestureRecognizerExtension.swift in Sources */ = {isa = PBXBuildFile; fileRef = 0A9E949E28B603A400985179 /* TapGestureRecognizerExtension.swift */; };
		0A9E94A128B62F2A00985179 /* TransactionHistoryCell.swift in Sources */ = {isa = PBXBuildFile; fileRef = 0A9E94A028B62F2A00985179 /* TransactionHistoryCell.swift */; };
		0A9E94A328B64B6200985179 /* BankDataStore.swift in Sources */ = {isa = PBXBuildFile; fileRef = 0A9E94A228B64B6200985179 /* BankDataStore.swift */; };
		0A9E94A728B6577200985179 /* TransactionParse.swift in Sources */ = {isa = PBXBuildFile; fileRef = 0A9E94A628B6577200985179 /* TransactionParse.swift */; };
		0A9E94A928B6623100985179 /* LoanAccountCell.swift in Sources */ = {isa = PBXBuildFile; fileRef = 0A9E94A828B6623100985179 /* LoanAccountCell.swift */; };
		0AAAB98D28B4ABCE00D41A7B /* PrizeDataStore.swift in Sources */ = {isa = PBXBuildFile; fileRef = 0AAAB98C28B4ABCE00D41A7B /* PrizeDataStore.swift */; };
		0AC23D2728ABB10F006301DE /* LegalDisclosuresViewController.swift in Sources */ = {isa = PBXBuildFile; fileRef = 0AC23D2628ABB10F006301DE /* LegalDisclosuresViewController.swift */; };
		0AC23D2928AC6BE6006301DE /* ConnectedAccountsViewController.swift in Sources */ = {isa = PBXBuildFile; fileRef = 0AC23D2828AC6BE6006301DE /* ConnectedAccountsViewController.swift */; };
		0AC23D2B28AC6CBE006301DE /* ConnectedAccountsTableViewCell.swift in Sources */ = {isa = PBXBuildFile; fileRef = 0AC23D2A28AC6CBE006301DE /* ConnectedAccountsTableViewCell.swift */; };
		0AC23D2F28ACD422006301DE /* DeleteAccountViewController.swift in Sources */ = {isa = PBXBuildFile; fileRef = 0AC23D2E28ACD422006301DE /* DeleteAccountViewController.swift */; };
		0AC23D3128ACDDE7006301DE /* DeleteAccountView.swift in Sources */ = {isa = PBXBuildFile; fileRef = 0AC23D3028ACDDE7006301DE /* DeleteAccountView.swift */; };
		0AC23D3428ACE3B1006301DE /* SettingsDataStore.swift in Sources */ = {isa = PBXBuildFile; fileRef = 0AC23D3328ACE3B1006301DE /* SettingsDataStore.swift */; };
		892FF06EB4C3BBEB37C14076 /* Pods_debtdestroyer.framework in Frameworks */ = {isa = PBXBuildFile; fileRef = 1290530BCE28420414642EDF /* Pods_debtdestroyer.framework */; };
		92021FCD289B07A4007901A6 /* AppDelegate.swift in Sources */ = {isa = PBXBuildFile; fileRef = 92021FCC289B07A4007901A6 /* AppDelegate.swift */; };
		92021FCF289B07A4007901A6 /* SceneDelegate.swift in Sources */ = {isa = PBXBuildFile; fileRef = 92021FCE289B07A4007901A6 /* SceneDelegate.swift */; };
		92021FD6289B07A6007901A6 /* Assets.xcassets in Resources */ = {isa = PBXBuildFile; fileRef = 92021FD5289B07A6007901A6 /* Assets.xcassets */; };
		92021FD9289B07A6007901A6 /* LaunchScreen.storyboard in Resources */ = {isa = PBXBuildFile; fileRef = 92021FD7289B07A6007901A6 /* LaunchScreen.storyboard */; };
		925BD26528A24D2E009303AF /* Enviroment.swift in Sources */ = {isa = PBXBuildFile; fileRef = 925BD26428A24D2E009303AF /* Enviroment.swift */; };
		925BD26728A24E5F009303AF /* User.swift in Sources */ = {isa = PBXBuildFile; fileRef = 925BD26628A24E5F009303AF /* User.swift */; };
/* End PBXBuildFile section */

/* Begin PBXFileReference section */
		0A11C826289BBB9B00AEF89D /* HowDoesRoundUpWorksViewController.swift */ = {isa = PBXFileReference; fileEncoding = 4; lastKnownFileType = sourcecode.swift; path = HowDoesRoundUpWorksViewController.swift; sourceTree = "<group>"; };
		0A11C827289BBB9B00AEF89D /* HomeTabBarViewController.swift */ = {isa = PBXFileReference; fileEncoding = 4; lastKnownFileType = sourcecode.swift; path = HomeTabBarViewController.swift; sourceTree = "<group>"; };
		0A11C828289BBB9B00AEF89D /* RoundUpView.swift */ = {isa = PBXFileReference; fileEncoding = 4; lastKnownFileType = sourcecode.swift; path = RoundUpView.swift; sourceTree = "<group>"; };
		0A11C829289BBB9B00AEF89D /* RoundUpViewController.swift */ = {isa = PBXFileReference; fileEncoding = 4; lastKnownFileType = sourcecode.swift; path = RoundUpViewController.swift; sourceTree = "<group>"; };
		0A11C82A289BBB9B00AEF89D /* RoundUpWorksView.swift */ = {isa = PBXFileReference; fileEncoding = 4; lastKnownFileType = sourcecode.swift; path = RoundUpWorksView.swift; sourceTree = "<group>"; };
		0A11C830289BC19500AEF89D /* ColorExtension.swift */ = {isa = PBXFileReference; fileEncoding = 4; lastKnownFileType = sourcecode.swift; path = ColorExtension.swift; sourceTree = "<group>"; };
		0A1A637F28A6592200EFCC4D /* ViewExtension.swift */ = {isa = PBXFileReference; lastKnownFileType = sourcecode.swift; path = ViewExtension.swift; sourceTree = "<group>"; };
		0A25F65228A28B7500D5D183 /* EarnTicketCell.swift */ = {isa = PBXFileReference; lastKnownFileType = sourcecode.swift; path = EarnTicketCell.swift; sourceTree = "<group>"; };
		0A25F66E28A369B000D5D183 /* SpinningWithGradButton.swift */ = {isa = PBXFileReference; fileEncoding = 4; lastKnownFileType = sourcecode.swift; path = SpinningWithGradButton.swift; sourceTree = "<group>"; };
		0A2E739A289BD924006E67F9 /* TicketsViewController.swift */ = {isa = PBXFileReference; lastKnownFileType = sourcecode.swift; path = TicketsViewController.swift; sourceTree = "<group>"; };
		0A2E739C289BD941006E67F9 /* BankViewController.swift */ = {isa = PBXFileReference; lastKnownFileType = sourcecode.swift; path = BankViewController.swift; sourceTree = "<group>"; };
		0A2E739E289BD96A006E67F9 /* SettingsViewController.swift */ = {isa = PBXFileReference; lastKnownFileType = sourcecode.swift; path = SettingsViewController.swift; sourceTree = "<group>"; };
		0A2E73A4289C35D2006E67F9 /* SettingsTableViewCell.swift */ = {isa = PBXFileReference; fileEncoding = 4; lastKnownFileType = sourcecode.swift; path = SettingsTableViewCell.swift; sourceTree = "<group>"; };
		0A2E73A7289CD211006E67F9 /* ViewControllerExtension.swift */ = {isa = PBXFileReference; fileEncoding = 4; lastKnownFileType = sourcecode.swift; path = ViewControllerExtension.swift; sourceTree = "<group>"; };
		0A2E73AE289D4260006E67F9 /* PrizeView.swift */ = {isa = PBXFileReference; lastKnownFileType = sourcecode.swift; path = PrizeView.swift; sourceTree = "<group>"; };
		0A2E73B0289D427E006E67F9 /* PrizeViewController.swift */ = {isa = PBXFileReference; lastKnownFileType = sourcecode.swift; path = PrizeViewController.swift; sourceTree = "<group>"; };
		0A432FA528B3816600C551FA /* TicketTopView.swift */ = {isa = PBXFileReference; lastKnownFileType = sourcecode.swift; path = TicketTopView.swift; sourceTree = "<group>"; };
		0A432FA728B3AB5A00C551FA /* ProgressViewUITry.swift */ = {isa = PBXFileReference; lastKnownFileType = sourcecode.swift; path = ProgressViewUITry.swift; sourceTree = "<group>"; };
		0A4536D828B8CE3700F4A8CA /* PowerUpsCell.swift */ = {isa = PBXFileReference; lastKnownFileType = sourcecode.swift; path = PowerUpsCell.swift; sourceTree = "<group>"; };
		0A4536DA28B8DA2000F4A8CA /* WeekPrizeCell.swift */ = {isa = PBXFileReference; lastKnownFileType = sourcecode.swift; path = WeekPrizeCell.swift; sourceTree = "<group>"; };
		0A4536DC28B8DC6E00F4A8CA /* HowToEarnTicketsCell.swift */ = {isa = PBXFileReference; lastKnownFileType = sourcecode.swift; path = HowToEarnTicketsCell.swift; sourceTree = "<group>"; };
		0A4536DE28B8DFF200F4A8CA /* PastWeeksPrizeCell.swift */ = {isa = PBXFileReference; lastKnownFileType = sourcecode.swift; path = PastWeeksPrizeCell.swift; sourceTree = "<group>"; };
		0A4594AB28B7435B00F6B232 /* SuperParseObject.swift */ = {isa = PBXFileReference; fileEncoding = 4; lastKnownFileType = sourcecode.swift; path = SuperParseObject.swift; sourceTree = "<group>"; };
		0A5B58F928A579B6001EFBB2 /* ForceUpdate.swift */ = {isa = PBXFileReference; fileEncoding = 4; lastKnownFileType = sourcecode.swift; path = ForceUpdate.swift; sourceTree = "<group>"; };
		0A718C3E28A0D94D0086B27C /* GalleryCollectionViewCell.swift */ = {isa = PBXFileReference; fileEncoding = 4; lastKnownFileType = sourcecode.swift; path = GalleryCollectionViewCell.swift; sourceTree = "<group>"; };
		0A718C4028A0D9B00086B27C /* ImageExtension+Gif.swift */ = {isa = PBXFileReference; fileEncoding = 4; lastKnownFileType = sourcecode.swift; path = "ImageExtension+Gif.swift"; sourceTree = "<group>"; };
		0A7A49E028A386C6009EDE5E /* WelcomeViewController.swift */ = {isa = PBXFileReference; fileEncoding = 4; lastKnownFileType = sourcecode.swift; path = WelcomeViewController.swift; sourceTree = "<group>"; };
		0A7A49E128A386C6009EDE5E /* WelcomeView.swift */ = {isa = PBXFileReference; fileEncoding = 4; lastKnownFileType = sourcecode.swift; path = WelcomeView.swift; sourceTree = "<group>"; };
		0A7A49F228A38746009EDE5E /* MessageHelper.swift */ = {isa = PBXFileReference; fileEncoding = 4; lastKnownFileType = sourcecode.swift; path = MessageHelper.swift; sourceTree = "<group>"; };
		0A7A49F428A38886009EDE5E /* TimerExtension.swift */ = {isa = PBXFileReference; fileEncoding = 4; lastKnownFileType = sourcecode.swift; path = TimerExtension.swift; sourceTree = "<group>"; };
		0A7A49F628A388AD009EDE5E /* Structs.swift */ = {isa = PBXFileReference; fileEncoding = 4; lastKnownFileType = sourcecode.swift; path = Structs.swift; sourceTree = "<group>"; };
		0A7A49FB28A3D262009EDE5E /* OnboardingDataStore.swift */ = {isa = PBXFileReference; fileEncoding = 4; lastKnownFileType = sourcecode.swift; path = OnboardingDataStore.swift; sourceTree = "<group>"; };
		0A7A49FD28A3D294009EDE5E /* StringExtension.swift */ = {isa = PBXFileReference; fileEncoding = 4; lastKnownFileType = sourcecode.swift; path = StringExtension.swift; sourceTree = "<group>"; };
		0A7A4A0028A3D384009EDE5E /* RegisterView.swift */ = {isa = PBXFileReference; fileEncoding = 4; lastKnownFileType = sourcecode.swift; path = RegisterView.swift; sourceTree = "<group>"; };
		0A7A4A0128A3D384009EDE5E /* RegisterViewController.swift */ = {isa = PBXFileReference; fileEncoding = 4; lastKnownFileType = sourcecode.swift; path = RegisterViewController.swift; sourceTree = "<group>"; };
		0A7A4A0428A3D5D5009EDE5E /* GardientButton.swift */ = {isa = PBXFileReference; fileEncoding = 4; lastKnownFileType = sourcecode.swift; path = GardientButton.swift; sourceTree = "<group>"; };
		0A7A4A0628A3D5D5009EDE5E /* SpinningButton.swift */ = {isa = PBXFileReference; fileEncoding = 4; lastKnownFileType = sourcecode.swift; path = SpinningButton.swift; sourceTree = "<group>"; };
		0A7A4A0A28A3E2A2009EDE5E /* Textfield.swift */ = {isa = PBXFileReference; lastKnownFileType = sourcecode.swift; path = Textfield.swift; sourceTree = "<group>"; };
		0A7A4A0D28A3E848009EDE5E /* LogInViewController.swift */ = {isa = PBXFileReference; fileEncoding = 4; lastKnownFileType = sourcecode.swift; path = LogInViewController.swift; sourceTree = "<group>"; };
		0A7A4A1028A42109009EDE5E /* CreateProfileViewController.swift */ = {isa = PBXFileReference; fileEncoding = 4; lastKnownFileType = sourcecode.swift; path = CreateProfileViewController.swift; sourceTree = "<group>"; };
		0A9E949E28B603A400985179 /* TapGestureRecognizerExtension.swift */ = {isa = PBXFileReference; lastKnownFileType = sourcecode.swift; path = TapGestureRecognizerExtension.swift; sourceTree = "<group>"; };
		0A9E94A028B62F2A00985179 /* TransactionHistoryCell.swift */ = {isa = PBXFileReference; lastKnownFileType = sourcecode.swift; path = TransactionHistoryCell.swift; sourceTree = "<group>"; };
		0A9E94A228B64B6200985179 /* BankDataStore.swift */ = {isa = PBXFileReference; lastKnownFileType = sourcecode.swift; path = BankDataStore.swift; sourceTree = "<group>"; };
		0A9E94A628B6577200985179 /* TransactionParse.swift */ = {isa = PBXFileReference; lastKnownFileType = sourcecode.swift; path = TransactionParse.swift; sourceTree = "<group>"; };
		0A9E94A828B6623100985179 /* LoanAccountCell.swift */ = {isa = PBXFileReference; lastKnownFileType = sourcecode.swift; path = LoanAccountCell.swift; sourceTree = "<group>"; };
		0AAAB98C28B4ABCE00D41A7B /* PrizeDataStore.swift */ = {isa = PBXFileReference; lastKnownFileType = sourcecode.swift; path = PrizeDataStore.swift; sourceTree = "<group>"; };
		0AC23D2628ABB10F006301DE /* LegalDisclosuresViewController.swift */ = {isa = PBXFileReference; lastKnownFileType = sourcecode.swift; path = LegalDisclosuresViewController.swift; sourceTree = "<group>"; };
		0AC23D2828AC6BE6006301DE /* ConnectedAccountsViewController.swift */ = {isa = PBXFileReference; lastKnownFileType = sourcecode.swift; path = ConnectedAccountsViewController.swift; sourceTree = "<group>"; };
		0AC23D2A28AC6CBE006301DE /* ConnectedAccountsTableViewCell.swift */ = {isa = PBXFileReference; lastKnownFileType = sourcecode.swift; path = ConnectedAccountsTableViewCell.swift; sourceTree = "<group>"; };
		0AC23D2E28ACD422006301DE /* DeleteAccountViewController.swift */ = {isa = PBXFileReference; lastKnownFileType = sourcecode.swift; path = DeleteAccountViewController.swift; sourceTree = "<group>"; };
		0AC23D3028ACDDE7006301DE /* DeleteAccountView.swift */ = {isa = PBXFileReference; lastKnownFileType = sourcecode.swift; path = DeleteAccountView.swift; sourceTree = "<group>"; };
		0AC23D3328ACE3B1006301DE /* SettingsDataStore.swift */ = {isa = PBXFileReference; fileEncoding = 4; lastKnownFileType = sourcecode.swift; path = SettingsDataStore.swift; sourceTree = "<group>"; };
		1290530BCE28420414642EDF /* Pods_debtdestroyer.framework */ = {isa = PBXFileReference; explicitFileType = wrapper.framework; includeInIndex = 0; path = Pods_debtdestroyer.framework; sourceTree = BUILT_PRODUCTS_DIR; };
		92021FC9289B07A4007901A6 /* debtdestroyer.app */ = {isa = PBXFileReference; explicitFileType = wrapper.application; includeInIndex = 0; path = debtdestroyer.app; sourceTree = BUILT_PRODUCTS_DIR; };
		92021FCC289B07A4007901A6 /* AppDelegate.swift */ = {isa = PBXFileReference; lastKnownFileType = sourcecode.swift; path = AppDelegate.swift; sourceTree = "<group>"; };
		92021FCE289B07A4007901A6 /* SceneDelegate.swift */ = {isa = PBXFileReference; lastKnownFileType = sourcecode.swift; path = SceneDelegate.swift; sourceTree = "<group>"; };
		92021FD5289B07A6007901A6 /* Assets.xcassets */ = {isa = PBXFileReference; lastKnownFileType = folder.assetcatalog; path = Assets.xcassets; sourceTree = "<group>"; };
		92021FD8289B07A6007901A6 /* Base */ = {isa = PBXFileReference; lastKnownFileType = file.storyboard; name = Base; path = Base.lproj/LaunchScreen.storyboard; sourceTree = "<group>"; };
		92021FDA289B07A6007901A6 /* Info.plist */ = {isa = PBXFileReference; lastKnownFileType = text.plist.xml; path = Info.plist; sourceTree = "<group>"; };
		925BD26428A24D2E009303AF /* Enviroment.swift */ = {isa = PBXFileReference; lastKnownFileType = sourcecode.swift; path = Enviroment.swift; sourceTree = "<group>"; };
		925BD26628A24E5F009303AF /* User.swift */ = {isa = PBXFileReference; fileEncoding = 4; lastKnownFileType = sourcecode.swift; path = User.swift; sourceTree = "<group>"; };
		970542EB451DB5DBCD0B0D4F /* Pods-debtdestroyer.release.xcconfig */ = {isa = PBXFileReference; includeInIndex = 1; lastKnownFileType = text.xcconfig; name = "Pods-debtdestroyer.release.xcconfig"; path = "Target Support Files/Pods-debtdestroyer/Pods-debtdestroyer.release.xcconfig"; sourceTree = "<group>"; };
		9813F9FE88D02C5B6B12B010 /* Pods-debtdestroyer.debug.xcconfig */ = {isa = PBXFileReference; includeInIndex = 1; lastKnownFileType = text.xcconfig; name = "Pods-debtdestroyer.debug.xcconfig"; path = "Target Support Files/Pods-debtdestroyer/Pods-debtdestroyer.debug.xcconfig"; sourceTree = "<group>"; };
/* End PBXFileReference section */

/* Begin PBXFrameworksBuildPhase section */
		92021FC6289B07A4007901A6 /* Frameworks */ = {
			isa = PBXFrameworksBuildPhase;
			buildActionMask = 2147483647;
			files = (
				892FF06EB4C3BBEB37C14076 /* Pods_debtdestroyer.framework in Frameworks */,
			);
			runOnlyForDeploymentPostprocessing = 0;
		};
/* End PBXFrameworksBuildPhase section */

/* Begin PBXGroup section */
		00BB18DBCAA76C38BFDFB46B /* Frameworks */ = {
			isa = PBXGroup;
			children = (
				1290530BCE28420414642EDF /* Pods_debtdestroyer.framework */,
			);
			name = Frameworks;
			sourceTree = "<group>";
		};
		0A11C832289BC1B800AEF89D /* Helper */ = {
			isa = PBXGroup;
			children = (
				0A25F66E28A369B000D5D183 /* SpinningWithGradButton.swift */,
				0A5B58F928A579B6001EFBB2 /* ForceUpdate.swift */,
				0A2E73A7289CD211006E67F9 /* ViewControllerExtension.swift */,
				0A1A637F28A6592200EFCC4D /* ViewExtension.swift */,
				0A7A4A0A28A3E2A2009EDE5E /* Textfield.swift */,
				0A7A4A0428A3D5D5009EDE5E /* GardientButton.swift */,
				0A7A4A0628A3D5D5009EDE5E /* SpinningButton.swift */,
				0A7A49FD28A3D294009EDE5E /* StringExtension.swift */,
				0A7A49F228A38746009EDE5E /* MessageHelper.swift */,
				0A7A49F428A38886009EDE5E /* TimerExtension.swift */,
				0A7A49F628A388AD009EDE5E /* Structs.swift */,
				0A718C4028A0D9B00086B27C /* ImageExtension+Gif.swift */,
				0A9E949E28B603A400985179 /* TapGestureRecognizerExtension.swift */,
				0A11C830289BC19500AEF89D /* ColorExtension.swift */,
			);
			path = Helper;
			sourceTree = "<group>";
		};
		0A11C833289BC22B00AEF89D /* HomeTabs */ = {
			isa = PBXGroup;
			children = (
				0A11C827289BBB9B00AEF89D /* HomeTabBarViewController.swift */,
			);
			path = HomeTabs;
			sourceTree = "<group>";
		};
		0A11C834289BC25E00AEF89D /* RoundUp */ = {
			isa = PBXGroup;
			children = (
				0A25F65728A3683C00D5D183 /* View */,
				0A11C829289BBB9B00AEF89D /* RoundUpViewController.swift */,
				0A25F65828A3685700D5D183 /* HowRoundUpsWork */,
			);
			path = RoundUp;
			sourceTree = "<group>";
		};
		0A25F65428A367D400D5D183 /* Cells */ = {
			isa = PBXGroup;
			children = (
				0A2E73A4289C35D2006E67F9 /* SettingsTableViewCell.swift */,
			);
			path = Cells;
			sourceTree = "<group>";
		};
		0A25F65528A3680500D5D183 /* View */ = {
			isa = PBXGroup;
			children = (
				0A25F65628A3681B00D5D183 /* Cells */,
				0A2E73AE289D4260006E67F9 /* PrizeView.swift */,
			);
			path = View;
			sourceTree = "<group>";
		};
		0A25F65628A3681B00D5D183 /* Cells */ = {
			isa = PBXGroup;
			children = (
				0A718C3E28A0D94D0086B27C /* GalleryCollectionViewCell.swift */,
				0A25F65228A28B7500D5D183 /* EarnTicketCell.swift */,
				0A4536DA28B8DA2000F4A8CA /* WeekPrizeCell.swift */,
				0A4536DE28B8DFF200F4A8CA /* PastWeeksPrizeCell.swift */,
				0A432FA528B3816600C551FA /* TicketTopView.swift */,
				0A4536DC28B8DC6E00F4A8CA /* HowToEarnTicketsCell.swift */,
			);
			path = Cells;
			sourceTree = "<group>";
		};
		0A25F65728A3683C00D5D183 /* View */ = {
			isa = PBXGroup;
			children = (
				0A11C828289BBB9B00AEF89D /* RoundUpView.swift */,
			);
			path = View;
			sourceTree = "<group>";
		};
		0A25F65828A3685700D5D183 /* HowRoundUpsWork */ = {
			isa = PBXGroup;
			children = (
				0A11C826289BBB9B00AEF89D /* HowDoesRoundUpWorksViewController.swift */,
				0A25F65928A3686E00D5D183 /* View */,
			);
			path = HowRoundUpsWork;
			sourceTree = "<group>";
		};
		0A25F65928A3686E00D5D183 /* View */ = {
			isa = PBXGroup;
			children = (
				0A11C82A289BBB9B00AEF89D /* RoundUpWorksView.swift */,
			);
			path = View;
			sourceTree = "<group>";
		};
		0A2E73A0289C2CAE006E67F9 /* Tickets */ = {
			isa = PBXGroup;
			children = (
				0A2E739A289BD924006E67F9 /* TicketsViewController.swift */,
				0A432FA728B3AB5A00C551FA /* ProgressViewUITry.swift */,
			);
			path = Tickets;
			sourceTree = "<group>";
		};
		0A2E73A1289C2CB9006E67F9 /* Bank */ = {
			isa = PBXGroup;
			children = (
				0A9E94A428B64B6E00985179 /* Data Store */,
				0A9E94A528B64B8A00985179 /* View */,
				0A2E739C289BD941006E67F9 /* BankViewController.swift */,
			);
			path = Bank;
			sourceTree = "<group>";
		};
		0A2E73A2289C2CC3006E67F9 /* Settings */ = {
			isa = PBXGroup;
			children = (
				0AC23D3228ACE3B1006301DE /* Data Store */,
				0A25F65428A367D400D5D183 /* Cells */,
				0A2E739E289BD96A006E67F9 /* SettingsViewController.swift */,
				0AC23D2628ABB10F006301DE /* LegalDisclosuresViewController.swift */,
				0AC23D2E28ACD422006301DE /* DeleteAccountViewController.swift */,
				0AC23D3028ACDDE7006301DE /* DeleteAccountView.swift */,
				0AC23D2C28AC6D31006301DE /* Connected Accounts */,
			);
			path = Settings;
			sourceTree = "<group>";
		};
		0A2E73AD289D4106006E67F9 /* Prize */ = {
			isa = PBXGroup;
			children = (
				0AAAB98E28B4ABD700D41A7B /* Data Store */,
				0A25F65528A3680500D5D183 /* View */,
				0A2E73B0289D427E006E67F9 /* PrizeViewController.swift */,
			);
			path = Prize;
			sourceTree = "<group>";
		};
		0A7A49DE28A386C6009EDE5E /* Onboarding */ = {
			isa = PBXGroup;
			children = (
				0A7A49FA28A3D262009EDE5E /* Data Store */,
				0A7A4A0F28A42109009EDE5E /* Create Profile */,
				0A7A4A0C28A3E848009EDE5E /* Login */,
				0A7A49FF28A3D384009EDE5E /* Register */,
				0A7A49DF28A386C6009EDE5E /* Welcome */,
			);
			path = Onboarding;
			sourceTree = "<group>";
		};
		0A7A49DF28A386C6009EDE5E /* Welcome */ = {
			isa = PBXGroup;
			children = (
				0A7A49E028A386C6009EDE5E /* WelcomeViewController.swift */,
				0A7A49E128A386C6009EDE5E /* WelcomeView.swift */,
			);
			path = Welcome;
			sourceTree = "<group>";
		};
		0A7A49FA28A3D262009EDE5E /* Data Store */ = {
			isa = PBXGroup;
			children = (
				0A7A49FB28A3D262009EDE5E /* OnboardingDataStore.swift */,
			);
			path = "Data Store";
			sourceTree = "<group>";
		};
		0A7A49FF28A3D384009EDE5E /* Register */ = {
			isa = PBXGroup;
			children = (
				0A7A4A0028A3D384009EDE5E /* RegisterView.swift */,
				0A7A4A0128A3D384009EDE5E /* RegisterViewController.swift */,
			);
			path = Register;
			sourceTree = "<group>";
		};
		0A7A4A0C28A3E848009EDE5E /* Login */ = {
			isa = PBXGroup;
			children = (
				0A7A4A0D28A3E848009EDE5E /* LogInViewController.swift */,
			);
			path = Login;
			sourceTree = "<group>";
		};
		0A7A4A0F28A42109009EDE5E /* Create Profile */ = {
			isa = PBXGroup;
			children = (
				0A7A4A1028A42109009EDE5E /* CreateProfileViewController.swift */,
			);
			path = "Create Profile";
			sourceTree = "<group>";
		};
		0A9E94A428B64B6E00985179 /* Data Store */ = {
			isa = PBXGroup;
			children = (
				0A9E94A228B64B6200985179 /* BankDataStore.swift */,
			);
			path = "Data Store";
			sourceTree = "<group>";
		};
		0A9E94A528B64B8A00985179 /* View */ = {
			isa = PBXGroup;
			children = (
				0A9E94A028B62F2A00985179 /* TransactionHistoryCell.swift */,
				0A9E94A828B6623100985179 /* LoanAccountCell.swift */,
				0A4536D828B8CE3700F4A8CA /* PowerUpsCell.swift */,
			);
			path = View;
			sourceTree = "<group>";
		};
		0AAAB98E28B4ABD700D41A7B /* Data Store */ = {
			isa = PBXGroup;
			children = (
				0AAAB98C28B4ABCE00D41A7B /* PrizeDataStore.swift */,
			);
			path = "Data Store";
			sourceTree = "<group>";
		};
		0AC23D2C28AC6D31006301DE /* Connected Accounts */ = {
			isa = PBXGroup;
			children = (
				0AC23D2828AC6BE6006301DE /* ConnectedAccountsViewController.swift */,
				0AC23D2D28AC6D53006301DE /* Cells */,
			);
			path = "Connected Accounts";
			sourceTree = "<group>";
		};
		0AC23D2D28AC6D53006301DE /* Cells */ = {
			isa = PBXGroup;
			children = (
				0AC23D2A28AC6CBE006301DE /* ConnectedAccountsTableViewCell.swift */,
			);
			path = Cells;
			sourceTree = "<group>";
		};
		0AC23D3228ACE3B1006301DE /* Data Store */ = {
			isa = PBXGroup;
			children = (
				0AC23D3328ACE3B1006301DE /* SettingsDataStore.swift */,
			);
			path = "Data Store";
			sourceTree = "<group>";
		};
		18F686FBEE11973D8590571D /* Pods */ = {
			isa = PBXGroup;
			children = (
				9813F9FE88D02C5B6B12B010 /* Pods-debtdestroyer.debug.xcconfig */,
				970542EB451DB5DBCD0B0D4F /* Pods-debtdestroyer.release.xcconfig */,
			);
			path = Pods;
			sourceTree = "<group>";
		};
		92021FC0289B07A4007901A6 = {
			isa = PBXGroup;
			children = (
				92021FCB289B07A4007901A6 /* debtdestroyer */,
				92021FCA289B07A4007901A6 /* Products */,
				18F686FBEE11973D8590571D /* Pods */,
				00BB18DBCAA76C38BFDFB46B /* Frameworks */,
			);
			sourceTree = "<group>";
		};
		92021FCA289B07A4007901A6 /* Products */ = {
			isa = PBXGroup;
			children = (
				92021FC9289B07A4007901A6 /* debtdestroyer.app */,
			);
			name = Products;
			sourceTree = "<group>";
		};
		92021FCB289B07A4007901A6 /* debtdestroyer */ = {
			isa = PBXGroup;
			children = (
				92021FCC289B07A4007901A6 /* AppDelegate.swift */,
				92021FCE289B07A4007901A6 /* SceneDelegate.swift */,
				925BD26328A24CF1009303AF /* Models */,
				0A7A49DE28A386C6009EDE5E /* Onboarding */,
				0A11C833289BC22B00AEF89D /* HomeTabs */,
				0A2E73A0289C2CAE006E67F9 /* Tickets */,
				0A2E73A1289C2CB9006E67F9 /* Bank */,
				0A2E73A2289C2CC3006E67F9 /* Settings */,
				0A2E73AD289D4106006E67F9 /* Prize */,
				0A11C834289BC25E00AEF89D /* RoundUp */,
				0A11C832289BC1B800AEF89D /* Helper */,
				92021FD5289B07A6007901A6 /* Assets.xcassets */,
				92021FD7289B07A6007901A6 /* LaunchScreen.storyboard */,
				92021FDA289B07A6007901A6 /* Info.plist */,
			);
			path = debtdestroyer;
			sourceTree = "<group>";
		};
		925BD26328A24CF1009303AF /* Models */ = {
			isa = PBXGroup;
			children = (
				925BD26628A24E5F009303AF /* User.swift */,
				925BD26428A24D2E009303AF /* Enviroment.swift */,
				0A9E94A628B6577200985179 /* TransactionParse.swift */,
				0A4594AB28B7435B00F6B232 /* SuperParseObject.swift */,
			);
			path = Models;
			sourceTree = "<group>";
		};
/* End PBXGroup section */

/* Begin PBXNativeTarget section */
		92021FC8289B07A4007901A6 /* debtdestroyer */ = {
			isa = PBXNativeTarget;
			buildConfigurationList = 92021FDD289B07A6007901A6 /* Build configuration list for PBXNativeTarget "debtdestroyer" */;
			buildPhases = (
				158D76CA9E96FC2A0DC2C852 /* [CP] Check Pods Manifest.lock */,
				92021FC5289B07A4007901A6 /* Sources */,
				92021FC6289B07A4007901A6 /* Frameworks */,
				92021FC7289B07A4007901A6 /* Resources */,
				AE94C48CAF45DD82FB0194F0 /* [CP] Embed Pods Frameworks */,
			);
			buildRules = (
			);
			dependencies = (
			);
			name = debtdestroyer;
			productName = debtdestroyer;
			productReference = 92021FC9289B07A4007901A6 /* debtdestroyer.app */;
			productType = "com.apple.product-type.application";
		};
/* End PBXNativeTarget section */

/* Begin PBXProject section */
		92021FC1289B07A4007901A6 /* Project object */ = {
			isa = PBXProject;
			attributes = {
				BuildIndependentTargetsInParallel = 1;
				LastSwiftUpdateCheck = 1340;
				LastUpgradeCheck = 1340;
				TargetAttributes = {
					92021FC8289B07A4007901A6 = {
						CreatedOnToolsVersion = 13.4.1;
					};
				};
			};
			buildConfigurationList = 92021FC4289B07A4007901A6 /* Build configuration list for PBXProject "debtdestroyer" */;
			compatibilityVersion = "Xcode 13.0";
			developmentRegion = en;
			hasScannedForEncodings = 0;
			knownRegions = (
				en,
				Base,
			);
			mainGroup = 92021FC0289B07A4007901A6;
			productRefGroup = 92021FCA289B07A4007901A6 /* Products */;
			projectDirPath = "";
			projectRoot = "";
			targets = (
				92021FC8289B07A4007901A6 /* debtdestroyer */,
			);
		};
/* End PBXProject section */

/* Begin PBXResourcesBuildPhase section */
		92021FC7289B07A4007901A6 /* Resources */ = {
			isa = PBXResourcesBuildPhase;
			buildActionMask = 2147483647;
			files = (
				92021FD9289B07A6007901A6 /* LaunchScreen.storyboard in Resources */,
				92021FD6289B07A6007901A6 /* Assets.xcassets in Resources */,
			);
			runOnlyForDeploymentPostprocessing = 0;
		};
/* End PBXResourcesBuildPhase section */

/* Begin PBXShellScriptBuildPhase section */
		158D76CA9E96FC2A0DC2C852 /* [CP] Check Pods Manifest.lock */ = {
			isa = PBXShellScriptBuildPhase;
			buildActionMask = 2147483647;
			files = (
			);
			inputFileListPaths = (
			);
			inputPaths = (
				"${PODS_PODFILE_DIR_PATH}/Podfile.lock",
				"${PODS_ROOT}/Manifest.lock",
			);
			name = "[CP] Check Pods Manifest.lock";
			outputFileListPaths = (
			);
			outputPaths = (
				"$(DERIVED_FILE_DIR)/Pods-debtdestroyer-checkManifestLockResult.txt",
			);
			runOnlyForDeploymentPostprocessing = 0;
			shellPath = /bin/sh;
			shellScript = "diff \"${PODS_PODFILE_DIR_PATH}/Podfile.lock\" \"${PODS_ROOT}/Manifest.lock\" > /dev/null\nif [ $? != 0 ] ; then\n    # print error to STDERR\n    echo \"error: The sandbox is not in sync with the Podfile.lock. Run 'pod install' or update your CocoaPods installation.\" >&2\n    exit 1\nfi\n# This output is used by Xcode 'outputs' to avoid re-running this script phase.\necho \"SUCCESS\" > \"${SCRIPT_OUTPUT_FILE_0}\"\n";
			showEnvVarsInLog = 0;
		};
		AE94C48CAF45DD82FB0194F0 /* [CP] Embed Pods Frameworks */ = {
			isa = PBXShellScriptBuildPhase;
			buildActionMask = 2147483647;
			files = (
			);
			inputFileListPaths = (
				"${PODS_ROOT}/Target Support Files/Pods-debtdestroyer/Pods-debtdestroyer-frameworks-${CONFIGURATION}-input-files.xcfilelist",
			);
			name = "[CP] Embed Pods Frameworks";
			outputFileListPaths = (
				"${PODS_ROOT}/Target Support Files/Pods-debtdestroyer/Pods-debtdestroyer-frameworks-${CONFIGURATION}-output-files.xcfilelist",
			);
			runOnlyForDeploymentPostprocessing = 0;
			shellPath = /bin/sh;
			shellScript = "\"${PODS_ROOT}/Target Support Files/Pods-debtdestroyer/Pods-debtdestroyer-frameworks.sh\"\n";
			showEnvVarsInLog = 0;
		};
/* End PBXShellScriptBuildPhase section */

/* Begin PBXSourcesBuildPhase section */
		92021FC5289B07A4007901A6 /* Sources */ = {
			isa = PBXSourcesBuildPhase;
			buildActionMask = 2147483647;
			files = (
				0A7A4A1128A42109009EDE5E /* CreateProfileViewController.swift in Sources */,
				0A25F67028A369B000D5D183 /* SpinningWithGradButton.swift in Sources */,
				0A2E73A8289CD211006E67F9 /* ViewControllerExtension.swift in Sources */,
				0A4594AC28B7435B00F6B232 /* SuperParseObject.swift in Sources */,
				0A718C3F28A0D94D0086B27C /* GalleryCollectionViewCell.swift in Sources */,
				0A9E94A128B62F2A00985179 /* TransactionHistoryCell.swift in Sources */,
				0A25F65328A28B7600D5D183 /* EarnTicketCell.swift in Sources */,
				0A11C82E289BBB9B00AEF89D /* RoundUpViewController.swift in Sources */,
				925BD26528A24D2E009303AF /* Enviroment.swift in Sources */,
				0A2E739B289BD924006E67F9 /* TicketsViewController.swift in Sources */,
				0A7A4A0928A3D5D5009EDE5E /* SpinningButton.swift in Sources */,
				0AC23D3428ACE3B1006301DE /* SettingsDataStore.swift in Sources */,
				0A5B58FA28A579B6001EFBB2 /* ForceUpdate.swift in Sources */,
				0AAAB98D28B4ABCE00D41A7B /* PrizeDataStore.swift in Sources */,
				0A2E739F289BD96A006E67F9 /* SettingsViewController.swift in Sources */,
				0A1A638028A6592200EFCC4D /* ViewExtension.swift in Sources */,
				0A11C82C289BBB9B00AEF89D /* HomeTabBarViewController.swift in Sources */,
				0A718C4128A0D9B00086B27C /* ImageExtension+Gif.swift in Sources */,
				0A11C82C289BBB9B00AEF89D /* HomeTabBarViewController.swift in Sources */,
				0A4536D928B8CE3700F4A8CA /* PowerUpsCell.swift in Sources */,
				0A2E73A6289C35D2006E67F9 /* SettingsTableViewCell.swift in Sources */,
				925BD26728A24E5F009303AF /* User.swift in Sources */,
				0A4536DD28B8DC6E00F4A8CA /* HowToEarnTicketsCell.swift in Sources */,
				0AC23D2928AC6BE6006301DE /* ConnectedAccountsViewController.swift in Sources */,
				0A2E73B1289D427E006E67F9 /* PrizeViewController.swift in Sources */,
				0A9E949F28B603A400985179 /* TapGestureRecognizerExtension.swift in Sources */,
				0A4536DF28B8DFF200F4A8CA /* PastWeeksPrizeCell.swift in Sources */,
				0A7A4A0728A3D5D5009EDE5E /* GardientButton.swift in Sources */,
				0A7A49EB28A386C6009EDE5E /* WelcomeViewController.swift in Sources */,
				92021FCD289B07A4007901A6 /* AppDelegate.swift in Sources */,
				0A7A4A0B28A3E2A2009EDE5E /* Textfield.swift in Sources */,
				0A9E94A328B64B6200985179 /* BankDataStore.swift in Sources */,
				0A7A4A0228A3D384009EDE5E /* RegisterView.swift in Sources */,
				0AC23D3128ACDDE7006301DE /* DeleteAccountView.swift in Sources */,
				0A11C831289BC19500AEF89D /* ColorExtension.swift in Sources */,
				0A11C82B289BBB9B00AEF89D /* HowDoesRoundUpWorksViewController.swift in Sources */,
				0A7A4A0E28A3E848009EDE5E /* LogInViewController.swift in Sources */,
				0AC23D2728ABB10F006301DE /* LegalDisclosuresViewController.swift in Sources */,
				92021FCF289B07A4007901A6 /* SceneDelegate.swift in Sources */,
				0AC23D2F28ACD422006301DE /* DeleteAccountViewController.swift in Sources */,
				0A9E94A728B6577200985179 /* TransactionParse.swift in Sources */,
				0A432FA628B3816600C551FA /* TicketTopView.swift in Sources */,
				0A7A49FC28A3D262009EDE5E /* OnboardingDataStore.swift in Sources */,
				0A7A49F728A388AD009EDE5E /* Structs.swift in Sources */,
				0A11C82D289BBB9B00AEF89D /* RoundUpView.swift in Sources */,
				0A4536DB28B8DA2000F4A8CA /* WeekPrizeCell.swift in Sources */,
				0AC23D2B28AC6CBE006301DE /* ConnectedAccountsTableViewCell.swift in Sources */,
				0A2E73AF289D4260006E67F9 /* PrizeView.swift in Sources */,
				0A2E739D289BD941006E67F9 /* BankViewController.swift in Sources */,
				0A7A49F528A38886009EDE5E /* TimerExtension.swift in Sources */,
				0A9E94A928B6623100985179 /* LoanAccountCell.swift in Sources */,
				0A7A49FE28A3D294009EDE5E /* StringExtension.swift in Sources */,
				0A11C82F289BBB9B00AEF89D /* RoundUpWorksView.swift in Sources */,
				0A7A4A0328A3D384009EDE5E /* RegisterViewController.swift in Sources */,
				0A7A49EC28A386C6009EDE5E /* WelcomeView.swift in Sources */,
				0A7A49F328A38746009EDE5E /* MessageHelper.swift in Sources */,
				0A432FA828B3AB5A00C551FA /* ProgressViewUITry.swift in Sources */,
			);
			runOnlyForDeploymentPostprocessing = 0;
		};
/* End PBXSourcesBuildPhase section */

/* Begin PBXVariantGroup section */
		92021FD7289B07A6007901A6 /* LaunchScreen.storyboard */ = {
			isa = PBXVariantGroup;
			children = (
				92021FD8289B07A6007901A6 /* Base */,
			);
			name = LaunchScreen.storyboard;
			sourceTree = "<group>";
		};
/* End PBXVariantGroup section */

/* Begin XCBuildConfiguration section */
		92021FDB289B07A6007901A6 /* Debug */ = {
			isa = XCBuildConfiguration;
			buildSettings = {
				ALWAYS_SEARCH_USER_PATHS = NO;
				CLANG_ANALYZER_NONNULL = YES;
				CLANG_ANALYZER_NUMBER_OBJECT_CONVERSION = YES_AGGRESSIVE;
				CLANG_CXX_LANGUAGE_STANDARD = "gnu++17";
				CLANG_ENABLE_MODULES = YES;
				CLANG_ENABLE_OBJC_ARC = YES;
				CLANG_ENABLE_OBJC_WEAK = YES;
				CLANG_WARN_BLOCK_CAPTURE_AUTORELEASING = YES;
				CLANG_WARN_BOOL_CONVERSION = YES;
				CLANG_WARN_COMMA = YES;
				CLANG_WARN_CONSTANT_CONVERSION = YES;
				CLANG_WARN_DEPRECATED_OBJC_IMPLEMENTATIONS = YES;
				CLANG_WARN_DIRECT_OBJC_ISA_USAGE = YES_ERROR;
				CLANG_WARN_DOCUMENTATION_COMMENTS = YES;
				CLANG_WARN_EMPTY_BODY = YES;
				CLANG_WARN_ENUM_CONVERSION = YES;
				CLANG_WARN_INFINITE_RECURSION = YES;
				CLANG_WARN_INT_CONVERSION = YES;
				CLANG_WARN_NON_LITERAL_NULL_CONVERSION = YES;
				CLANG_WARN_OBJC_IMPLICIT_RETAIN_SELF = YES;
				CLANG_WARN_OBJC_LITERAL_CONVERSION = YES;
				CLANG_WARN_OBJC_ROOT_CLASS = YES_ERROR;
				CLANG_WARN_QUOTED_INCLUDE_IN_FRAMEWORK_HEADER = YES;
				CLANG_WARN_RANGE_LOOP_ANALYSIS = YES;
				CLANG_WARN_STRICT_PROTOTYPES = YES;
				CLANG_WARN_SUSPICIOUS_MOVE = YES;
				CLANG_WARN_UNGUARDED_AVAILABILITY = YES_AGGRESSIVE;
				CLANG_WARN_UNREACHABLE_CODE = YES;
				CLANG_WARN__DUPLICATE_METHOD_MATCH = YES;
				COPY_PHASE_STRIP = NO;
				DEBUG_INFORMATION_FORMAT = dwarf;
				ENABLE_STRICT_OBJC_MSGSEND = YES;
				ENABLE_TESTABILITY = YES;
				GCC_C_LANGUAGE_STANDARD = gnu11;
				GCC_DYNAMIC_NO_PIC = NO;
				GCC_NO_COMMON_BLOCKS = YES;
				GCC_OPTIMIZATION_LEVEL = 0;
				GCC_PREPROCESSOR_DEFINITIONS = (
					"DEBUG=1",
					"$(inherited)",
				);
				GCC_WARN_64_TO_32_BIT_CONVERSION = YES;
				GCC_WARN_ABOUT_RETURN_TYPE = YES_ERROR;
				GCC_WARN_UNDECLARED_SELECTOR = YES;
				GCC_WARN_UNINITIALIZED_AUTOS = YES_AGGRESSIVE;
				GCC_WARN_UNUSED_FUNCTION = YES;
				GCC_WARN_UNUSED_VARIABLE = YES;
				IPHONEOS_DEPLOYMENT_TARGET = 15.5;
				MTL_ENABLE_DEBUG_INFO = INCLUDE_SOURCE;
				MTL_FAST_MATH = YES;
				ONLY_ACTIVE_ARCH = YES;
				SDKROOT = iphoneos;
				SWIFT_ACTIVE_COMPILATION_CONDITIONS = DEBUG;
				SWIFT_OPTIMIZATION_LEVEL = "-Onone";
			};
			name = Debug;
		};
		92021FDC289B07A6007901A6 /* Release */ = {
			isa = XCBuildConfiguration;
			buildSettings = {
				ALWAYS_SEARCH_USER_PATHS = NO;
				CLANG_ANALYZER_NONNULL = YES;
				CLANG_ANALYZER_NUMBER_OBJECT_CONVERSION = YES_AGGRESSIVE;
				CLANG_CXX_LANGUAGE_STANDARD = "gnu++17";
				CLANG_ENABLE_MODULES = YES;
				CLANG_ENABLE_OBJC_ARC = YES;
				CLANG_ENABLE_OBJC_WEAK = YES;
				CLANG_WARN_BLOCK_CAPTURE_AUTORELEASING = YES;
				CLANG_WARN_BOOL_CONVERSION = YES;
				CLANG_WARN_COMMA = YES;
				CLANG_WARN_CONSTANT_CONVERSION = YES;
				CLANG_WARN_DEPRECATED_OBJC_IMPLEMENTATIONS = YES;
				CLANG_WARN_DIRECT_OBJC_ISA_USAGE = YES_ERROR;
				CLANG_WARN_DOCUMENTATION_COMMENTS = YES;
				CLANG_WARN_EMPTY_BODY = YES;
				CLANG_WARN_ENUM_CONVERSION = YES;
				CLANG_WARN_INFINITE_RECURSION = YES;
				CLANG_WARN_INT_CONVERSION = YES;
				CLANG_WARN_NON_LITERAL_NULL_CONVERSION = YES;
				CLANG_WARN_OBJC_IMPLICIT_RETAIN_SELF = YES;
				CLANG_WARN_OBJC_LITERAL_CONVERSION = YES;
				CLANG_WARN_OBJC_ROOT_CLASS = YES_ERROR;
				CLANG_WARN_QUOTED_INCLUDE_IN_FRAMEWORK_HEADER = YES;
				CLANG_WARN_RANGE_LOOP_ANALYSIS = YES;
				CLANG_WARN_STRICT_PROTOTYPES = YES;
				CLANG_WARN_SUSPICIOUS_MOVE = YES;
				CLANG_WARN_UNGUARDED_AVAILABILITY = YES_AGGRESSIVE;
				CLANG_WARN_UNREACHABLE_CODE = YES;
				CLANG_WARN__DUPLICATE_METHOD_MATCH = YES;
				COPY_PHASE_STRIP = NO;
				DEBUG_INFORMATION_FORMAT = "dwarf-with-dsym";
				ENABLE_NS_ASSERTIONS = NO;
				ENABLE_STRICT_OBJC_MSGSEND = YES;
				GCC_C_LANGUAGE_STANDARD = gnu11;
				GCC_NO_COMMON_BLOCKS = YES;
				GCC_WARN_64_TO_32_BIT_CONVERSION = YES;
				GCC_WARN_ABOUT_RETURN_TYPE = YES_ERROR;
				GCC_WARN_UNDECLARED_SELECTOR = YES;
				GCC_WARN_UNINITIALIZED_AUTOS = YES_AGGRESSIVE;
				GCC_WARN_UNUSED_FUNCTION = YES;
				GCC_WARN_UNUSED_VARIABLE = YES;
				IPHONEOS_DEPLOYMENT_TARGET = 15.5;
				MTL_ENABLE_DEBUG_INFO = NO;
				MTL_FAST_MATH = YES;
				SDKROOT = iphoneos;
				SWIFT_COMPILATION_MODE = wholemodule;
				SWIFT_OPTIMIZATION_LEVEL = "-O";
				VALIDATE_PRODUCT = YES;
			};
			name = Release;
		};
		92021FDE289B07A6007901A6 /* Debug */ = {
			isa = XCBuildConfiguration;
			baseConfigurationReference = 9813F9FE88D02C5B6B12B010 /* Pods-debtdestroyer.debug.xcconfig */;
			buildSettings = {
				ASSETCATALOG_COMPILER_APPICON_NAME = AppIcon;
				ASSETCATALOG_COMPILER_GLOBAL_ACCENT_COLOR_NAME = AccentColor;
				CODE_SIGN_STYLE = Automatic;
				CURRENT_PROJECT_VERSION = 1;
				DEVELOPMENT_TEAM = WGU25444T9;
				GENERATE_INFOPLIST_FILE = YES;
				INFOPLIST_FILE = debtdestroyer/Info.plist;
				INFOPLIST_KEY_CFBundleDisplayName = LavaDrop;
				INFOPLIST_KEY_UIApplicationSupportsIndirectInputEvents = YES;
				INFOPLIST_KEY_UILaunchStoryboardName = LaunchScreen;
				INFOPLIST_KEY_UISupportedInterfaceOrientations = UIInterfaceOrientationPortrait;
				INFOPLIST_KEY_UISupportedInterfaceOrientations_iPad = "UIInterfaceOrientationPortrait UIInterfaceOrientationPortraitUpsideDown UIInterfaceOrientationLandscapeLeft UIInterfaceOrientationLandscapeRight";
				INFOPLIST_KEY_UISupportedInterfaceOrientations_iPhone = "UIInterfaceOrientationPortrait UIInterfaceOrientationLandscapeLeft UIInterfaceOrientationLandscapeRight";
				IPHONEOS_DEPLOYMENT_TARGET = 13.0;
				LD_RUNPATH_SEARCH_PATHS = (
					"$(inherited)",
					"@executable_path/Frameworks",
				);
				MARKETING_VERSION = 1.0;
				PRODUCT_BUNDLE_IDENTIFIER = danielchangsoojones.debtdestroyer;
				PRODUCT_NAME = "$(TARGET_NAME)";
				SWIFT_EMIT_LOC_STRINGS = YES;
				SWIFT_VERSION = 5.0;
				TARGETED_DEVICE_FAMILY = "1,2";
			};
			name = Debug;
		};
		92021FDF289B07A6007901A6 /* Release */ = {
			isa = XCBuildConfiguration;
			baseConfigurationReference = 970542EB451DB5DBCD0B0D4F /* Pods-debtdestroyer.release.xcconfig */;
			buildSettings = {
				ASSETCATALOG_COMPILER_APPICON_NAME = AppIcon;
				ASSETCATALOG_COMPILER_GLOBAL_ACCENT_COLOR_NAME = AccentColor;
				CODE_SIGN_STYLE = Automatic;
				CURRENT_PROJECT_VERSION = 1;
				DEVELOPMENT_TEAM = WGU25444T9;
				GENERATE_INFOPLIST_FILE = YES;
				INFOPLIST_FILE = debtdestroyer/Info.plist;
				INFOPLIST_KEY_CFBundleDisplayName = LavaDrop;
				INFOPLIST_KEY_UIApplicationSupportsIndirectInputEvents = YES;
				INFOPLIST_KEY_UILaunchStoryboardName = LaunchScreen;
				INFOPLIST_KEY_UISupportedInterfaceOrientations = UIInterfaceOrientationPortrait;
				INFOPLIST_KEY_UISupportedInterfaceOrientations_iPad = "UIInterfaceOrientationPortrait UIInterfaceOrientationPortraitUpsideDown UIInterfaceOrientationLandscapeLeft UIInterfaceOrientationLandscapeRight";
				INFOPLIST_KEY_UISupportedInterfaceOrientations_iPhone = "UIInterfaceOrientationPortrait UIInterfaceOrientationLandscapeLeft UIInterfaceOrientationLandscapeRight";
				IPHONEOS_DEPLOYMENT_TARGET = 13.0;
				LD_RUNPATH_SEARCH_PATHS = (
					"$(inherited)",
					"@executable_path/Frameworks",
				);
				MARKETING_VERSION = 1.0;
				PRODUCT_BUNDLE_IDENTIFIER = danielchangsoojones.debtdestroyer;
				PRODUCT_NAME = "$(TARGET_NAME)";
				SWIFT_EMIT_LOC_STRINGS = YES;
				SWIFT_VERSION = 5.0;
				TARGETED_DEVICE_FAMILY = "1,2";
			};
			name = Release;
		};
/* End XCBuildConfiguration section */

/* Begin XCConfigurationList section */
		92021FC4289B07A4007901A6 /* Build configuration list for PBXProject "debtdestroyer" */ = {
			isa = XCConfigurationList;
			buildConfigurations = (
				92021FDB289B07A6007901A6 /* Debug */,
				92021FDC289B07A6007901A6 /* Release */,
			);
			defaultConfigurationIsVisible = 0;
			defaultConfigurationName = Release;
		};
		92021FDD289B07A6007901A6 /* Build configuration list for PBXNativeTarget "debtdestroyer" */ = {
			isa = XCConfigurationList;
			buildConfigurations = (
				92021FDE289B07A6007901A6 /* Debug */,
				92021FDF289B07A6007901A6 /* Release */,
			);
			defaultConfigurationIsVisible = 0;
			defaultConfigurationName = Release;
		};
/* End XCConfigurationList section */
	};
	rootObject = 92021FC1289B07A4007901A6 /* Project object */;
}
